{
    "name": "@knox-networks/knox-ts",
    "version": "1.0.0",
    "lockfileVersion": 2,
    "requires": true,
    "packages": {
        "": {
            "name": "@knox-networks/knox-ts",
            "version": "1.0.0",
            "hasInstallScript": true,
            "devDependencies": {}
        }
    }
}
